
Microsoft Visual Studio Solution File, Format Version 12.00
# Visual Studio Version 16
VisualStudioVersion = 16.0.30804.86
MinimumVisualStudioVersion = 10.0.40219.1
Project("{9A19103F-16F7-4668-BE54-9A1E7A4F7556}") = "WebCatalog", "WebCatalog\WebCatalog.csproj", "{B9B93395-D109-449B-A1B9-BF00070C61AB}"
EndProject
Global
	GlobalSection(SolutionConfigurationPlatforms) = preSolution
		Debug|Any CPU = Debug|Any CPU
		Release|Any CPU = Release|Any CPU
	EndGlobalSection
	GlobalSection(ProjectConfigurationPlatforms) = postSolution
		{B9B93395-D109-449B-A1B9-BF00070C61AB}.Debug|Any CPU.ActiveCfg = Debug|Any CPU
		{B9B93395-D109-449B-A1B9-BF00070C61AB}.Debug|Any CPU.Build.0 = Debug|Any CPU
		{B9B93395-D109-449B-A1B9-BF00070C61AB}.Release|Any CPU.ActiveCfg = Release|Any CPU
		{B9B93395-D109-449B-A1B9-BF00070C61AB}.Release|Any CPU.Build.0 = Release|Any CPU
	EndGlobalSection
	GlobalSection(SolutionProperties) = preSolution
		HideSolutionNode = FALSE
	EndGlobalSection
	GlobalSection(ExtensibilityGlobals) = postSolution
		SolutionGuid = {1623D338-E0AA-4B83-8774-059E4417EA14}
	EndGlobalSection
EndGlobal
